Microsoft Visual Studio Solution File, Format Version 12.00
# Visual Studio Version 17
VisualStudioVersion = 17.5.2.0
MinimumVisualStudioVersion = 10.0.40219.1
Project("{FAE04EC0-301F-11D3-BF4B-00C04F79EFBC}") = "sistema_materiales", "sistema_materiales\sistema_materiales.csproj", "{9FB67426-B16A-6BA6-CA3A-635151804AFF}"
EndProject
Global
	GlobalSection(SolutionConfigurationPlatforms) = preSolution
		Debug|Any CPU = Debug|Any CPU
		Release|Any CPU = Release|Any CPU
	EndGlobalSection
	GlobalSection(ProjectConfigurationPlatforms) = postSolution
		{9FB67426-B16A-6BA6-CA3A-635151804AFF}.Debug|Any CPU.ActiveCfg = Debug|Any CPU
		{9FB67426-B16A-6BA6-CA3A-635151804AFF}.Debug|Any CPU.Build.0 = Debug|Any CPU
		{9FB67426-B16A-6BA6-CA3A-635151804AFF}.Release|Any CPU.ActiveCfg = Release|Any CPU
		{9FB67426-B16A-6BA6-CA3A-635151804AFF}.Release|Any CPU.Build.0 = Release|Any CPU
	EndGlobalSection
	GlobalSection(SolutionProperties) = preSolution
		HideSolutionNode = FALSE
	EndGlobalSection
	GlobalSection(ExtensibilityGlobals) = postSolution
		SolutionGuid = {DFABFAB6-A51E-4374-8435-F89CB89F0D10}
	EndGlobalSection
EndGlobal
